
Microsoft Visual Studio Solution File, Format Version 12.00
# Visual Studio Version 16
VisualStudioVersion = 16.0.29326.143
MinimumVisualStudioVersion = 10.0.40219.1
Project("{FAE04EC0-301F-11D3-BF4B-00C04F79EFBC}") = "WeatherStation", "WeatherStation.csproj", "{2EE34F96-5A13-4E77-A5C3-6E90B0CD31C7}"
EndProject
Global
	GlobalSection(SolutionConfigurationPlatforms) = preSolution
		Debug|Any CPU = Debug|Any CPU
		Release|Any CPU = Release|Any CPU
	EndGlobalSection
	GlobalSection(ProjectConfigurationPlatforms) = postSolution
		{2EE34F96-5A13-4E77-A5C3-6E90B0CD31C7}.Debug|Any CPU.ActiveCfg = Debug|Any CPU
		{2EE34F96-5A13-4E77-A5C3-6E90B0CD31C7}.Debug|Any CPU.Build.0 = Debug|Any CPU
		{2EE34F96-5A13-4E77-A5C3-6E90B0CD31C7}.Release|Any CPU.ActiveCfg = Release|Any CPU
		{2EE34F96-5A13-4E77-A5C3-6E90B0CD31C7}.Release|Any CPU.Build.0 = Release|Any CPU
	EndGlobalSection
	GlobalSection(SolutionProperties) = preSolution
		HideSolutionNode = FALSE
	EndGlobalSection
	GlobalSection(ExtensibilityGlobals) = postSolution
		SolutionGuid = {78B4A2D2-9AAA-425E-8558-ED0201DD5209}
	EndGlobalSection
EndGlobal
